
Microsoft Visual Studio Solution File, Format Version 12.00
# Visual Studio Version 18
VisualStudioVersion = 18.1.11304.174 d18.0
MinimumVisualStudioVersion = 10.0.40219.1
Project("{FAE04EC0-301F-11D3-BF4B-00C04F79EFBC}") = "ProgressLock", "ProgressLock.csproj", "{D5060B5D-0C4D-847F-C233-4ABD0C606304}"
EndProject
Global
	GlobalSection(SolutionConfigurationPlatforms) = preSolution
		Debug|Any CPU = Debug|Any CPU
		Release|Any CPU = Release|Any CPU
	EndGlobalSection
	GlobalSection(ProjectConfigurationPlatforms) = postSolution
		{D5060B5D-0C4D-847F-C233-4ABD0C606304}.Debug|Any CPU.ActiveCfg = Debug|Any CPU
		{D5060B5D-0C4D-847F-C233-4ABD0C606304}.Debug|Any CPU.Build.0 = Debug|Any CPU
		{D5060B5D-0C4D-847F-C233-4ABD0C606304}.Release|Any CPU.ActiveCfg = Release|Any CPU
		{D5060B5D-0C4D-847F-C233-4ABD0C606304}.Release|Any CPU.Build.0 = Release|Any CPU
	EndGlobalSection
	GlobalSection(SolutionProperties) = preSolution
		HideSolutionNode = FALSE
	EndGlobalSection
	GlobalSection(ExtensibilityGlobals) = postSolution
		SolutionGuid = {23EAB618-105A-4B7C-9C35-F0960F25ADD9}
	EndGlobalSection
EndGlobal
